
Microsoft Visual Studio Solution File, Format Version 12.00
# Visual Studio Version 17
VisualStudioVersion = 17.0.31919.166
MinimumVisualStudioVersion = 10.0.40219.1
Project("{9A19103F-16F7-4668-BE54-9A1E7A4F7556}") = "DriveTestFinderLib", "DriveTestFinderLib\DriveTestFinderLib.csproj", "{72FA2676-3F0F-4702-B243-9F189CBCA75D}"
EndProject
Project("{9A19103F-16F7-4668-BE54-9A1E7A4F7556}") = "DriveTestFinderRepository", "DriveTestFinderRepository\DriveTestFinderRepository.csproj", "{370EAE6D-4DDD-4144-A912-F36B2ED9ECB2}"
EndProject
Project("{9A19103F-16F7-4668-BE54-9A1E7A4F7556}") = "DriveTestFinderAPI", "DriveTestFinderAPI\DriveTestFinderAPI.csproj", "{BE6FBB4E-3F97-4D37-9177-458A439E5446}"
EndProject
Global
	GlobalSection(SolutionConfigurationPlatforms) = preSolution
		Debug|Any CPU = Debug|Any CPU
		Debug|iPhone = Debug|iPhone
		Debug|iPhoneSimulator = Debug|iPhoneSimulator
		Release|Any CPU = Release|Any CPU
		Release|iPhone = Release|iPhone
		Release|iPhoneSimulator = Release|iPhoneSimulator
	EndGlobalSection
	GlobalSection(ProjectConfigurationPlatforms) = postSolution
		{72FA2676-3F0F-4702-B243-9F189CBCA75D}.Debug|Any CPU.ActiveCfg = Debug|Any CPU
		{72FA2676-3F0F-4702-B243-9F189CBCA75D}.Debug|Any CPU.Build.0 = Debug|Any CPU
		{72FA2676-3F0F-4702-B243-9F189CBCA75D}.Debug|iPhone.ActiveCfg = Debug|Any CPU
		{72FA2676-3F0F-4702-B243-9F189CBCA75D}.Debug|iPhone.Build.0 = Debug|Any CPU
		{72FA2676-3F0F-4702-B243-9F189CBCA75D}.Debug|iPhoneSimulator.ActiveCfg = Debug|Any CPU
		{72FA2676-3F0F-4702-B243-9F189CBCA75D}.Debug|iPhoneSimulator.Build.0 = Debug|Any CPU
		{72FA2676-3F0F-4702-B243-9F189CBCA75D}.Release|Any CPU.ActiveCfg = Release|Any CPU
		{72FA2676-3F0F-4702-B243-9F189CBCA75D}.Release|Any CPU.Build.0 = Release|Any CPU
		{72FA2676-3F0F-4702-B243-9F189CBCA75D}.Release|iPhone.ActiveCfg = Release|Any CPU
		{72FA2676-3F0F-4702-B243-9F189CBCA75D}.Release|iPhone.Build.0 = Release|Any CPU
		{72FA2676-3F0F-4702-B243-9F189CBCA75D}.Release|iPhoneSimulator.ActiveCfg = Release|Any CPU
		{72FA2676-3F0F-4702-B243-9F189CBCA75D}.Release|iPhoneSimulator.Build.0 = Release|Any CPU
		{370EAE6D-4DDD-4144-A912-F36B2ED9ECB2}.Debug|Any CPU.ActiveCfg = Debug|Any CPU
		{370EAE6D-4DDD-4144-A912-F36B2ED9ECB2}.Debug|Any CPU.Build.0 = Debug|Any CPU
		{370EAE6D-4DDD-4144-A912-F36B2ED9ECB2}.Debug|iPhone.ActiveCfg = Debug|Any CPU
		{370EAE6D-4DDD-4144-A912-F36B2ED9ECB2}.Debug|iPhone.Build.0 = Debug|Any CPU
		{370EAE6D-4DDD-4144-A912-F36B2ED9ECB2}.Debug|iPhoneSimulator.ActiveCfg = Debug|Any CPU
		{370EAE6D-4DDD-4144-A912-F36B2ED9ECB2}.Debug|iPhoneSimulator.Build.0 = Debug|Any CPU
		{370EAE6D-4DDD-4144-A912-F36B2ED9ECB2}.Release|Any CPU.ActiveCfg = Release|Any CPU
		{370EAE6D-4DDD-4144-A912-F36B2ED9ECB2}.Release|Any CPU.Build.0 = Release|Any CPU
		{370EAE6D-4DDD-4144-A912-F36B2ED9ECB2}.Release|iPhone.ActiveCfg = Release|Any CPU
		{370EAE6D-4DDD-4144-A912-F36B2ED9ECB2}.Release|iPhone.Build.0 = Release|Any CPU
		{370EAE6D-4DDD-4144-A912-F36B2ED9ECB2}.Release|iPhoneSimulator.ActiveCfg = Release|Any CPU
		{370EAE6D-4DDD-4144-A912-F36B2ED9ECB2}.Release|iPhoneSimulator.Build.0 = Release|Any CPU
		{BE6FBB4E-3F97-4D37-9177-458A439E5446}.Debug|Any CPU.ActiveCfg = Debug|Any CPU
		{BE6FBB4E-3F97-4D37-9177-458A439E5446}.Debug|Any CPU.Build.0 = Debug|Any CPU
		{BE6FBB4E-3F97-4D37-9177-458A439E5446}.Debug|iPhone.ActiveCfg = Debug|Any CPU
		{BE6FBB4E-3F97-4D37-9177-458A439E5446}.Debug|iPhone.Build.0 = Debug|Any CPU
		{BE6FBB4E-3F97-4D37-9177-458A439E5446}.Debug|iPhoneSimulator.ActiveCfg = Debug|Any CPU
		{BE6FBB4E-3F97-4D37-9177-458A439E5446}.Debug|iPhoneSimulator.Build.0 = Debug|Any CPU
		{BE6FBB4E-3F97-4D37-9177-458A439E5446}.Release|Any CPU.ActiveCfg = Release|Any CPU
		{BE6FBB4E-3F97-4D37-9177-458A439E5446}.Release|Any CPU.Build.0 = Release|Any CPU
		{BE6FBB4E-3F97-4D37-9177-458A439E5446}.Release|iPhone.ActiveCfg = Release|Any CPU
		{BE6FBB4E-3F97-4D37-9177-458A439E5446}.Release|iPhone.Build.0 = Release|Any CPU
		{BE6FBB4E-3F97-4D37-9177-458A439E5446}.Release|iPhoneSimulator.ActiveCfg = Release|Any CPU
		{BE6FBB4E-3F97-4D37-9177-458A439E5446}.Release|iPhoneSimulator.Build.0 = Release|Any CPU
	EndGlobalSection
	GlobalSection(SolutionProperties) = preSolution
		HideSolutionNode = FALSE
	EndGlobalSection
	GlobalSection(ExtensibilityGlobals) = postSolution
		SolutionGuid = {B7816B88-8DAA-4698-B960-747D96454A61}
	EndGlobalSection
EndGlobal
